
Microsoft Visual Studio Solution File, Format Version 12.00
# Visual Studio Version 17
VisualStudioVersion = 17.8.34330.188
MinimumVisualStudioVersion = 10.0.40219.1
Project("{FAE04EC0-301F-11D3-BF4B-00C04F79EFBC}") = "APILabb3", "APILabb3.csproj", "{9F80E341-7CDA-43F8-9172-D4B0D3DDC15C}"
EndProject
Global
	GlobalSection(SolutionConfigurationPlatforms) = preSolution
		Debug|Any CPU = Debug|Any CPU
		Release|Any CPU = Release|Any CPU
	EndGlobalSection
	GlobalSection(ProjectConfigurationPlatforms) = postSolution
		{9F80E341-7CDA-43F8-9172-D4B0D3DDC15C}.Debug|Any CPU.ActiveCfg = Debug|Any CPU
		{9F80E341-7CDA-43F8-9172-D4B0D3DDC15C}.Debug|Any CPU.Build.0 = Debug|Any CPU
		{9F80E341-7CDA-43F8-9172-D4B0D3DDC15C}.Release|Any CPU.ActiveCfg = Release|Any CPU
		{9F80E341-7CDA-43F8-9172-D4B0D3DDC15C}.Release|Any CPU.Build.0 = Release|Any CPU
	EndGlobalSection
	GlobalSection(SolutionProperties) = preSolution
		HideSolutionNode = FALSE
	EndGlobalSection
	GlobalSection(ExtensibilityGlobals) = postSolution
		SolutionGuid = {AB955C5D-510F-43CA-A90B-71E741339F93}
	EndGlobalSection
EndGlobal
